
Microsoft Visual Studio Solution File, Format Version 12.00
# Visual Studio Version 17
VisualStudioVersion = 17.0.31903.59
MinimumVisualStudioVersion = 10.0.40219.1
Project("{2150E333-8FDC-42A3-9474-1A3956D46DE8}") = "src", "src", "{827E0CD3-B72D-47B6-A68D-7590B98EB39B}"
EndProject
Project("{FAE04EC0-301F-11D3-BF4B-00C04F79EFBC}") = "BlazorEnterpriseStarter.AppHost", "src\BlazorEnterpriseStarter.AppHost\BlazorEnterpriseStarter.AppHost.csproj", "{3A2E9C43-1A53-451B-91AF-1569E9485961}"
EndProject
Project("{FAE04EC0-301F-11D3-BF4B-00C04F79EFBC}") = "BlazorEnterpriseStarter.ServiceDefaults", "src\BlazorEnterpriseStarter.ServiceDefaults\BlazorEnterpriseStarter.ServiceDefaults.csproj", "{8254EE60-AEB5-44A1-89C4-EC06F52E47CA}"
EndProject
Project("{FAE04EC0-301F-11D3-BF4B-00C04F79EFBC}") = "BlazorEnterpriseStarter.App", "src\BlazorEnterpriseStarter.App\BlazorEnterpriseStarter.App.csproj", "{CD958CFE-B386-4D01-9314-4B15E4A11AE7}"
EndProject
Project("{FAE04EC0-301F-11D3-BF4B-00C04F79EFBC}") = "BlazorEnterpriseStarter.Server", "src\BlazorEnterpriseStarter.Server\BlazorEnterpriseStarter.Server.csproj", "{B9F033A2-D561-4384-B2FB-453F12AE949E}"
EndProject
Project("{FAE04EC0-301F-11D3-BF4B-00C04F79EFBC}") = "BlazorEnterpriseStarter.Shared", "src\BlazorEnterpriseStarter.Shared\BlazorEnterpriseStarter.Shared.csproj", "{C1DA6367-8931-4D69-88E4-3D09F7609D8D}"
EndProject
Project("{FAE04EC0-301F-11D3-BF4B-00C04F79EFBC}") = "BlazorEnterpriseStarter.Components", "src\BlazorEnterpriseStarter.Components\BlazorEnterpriseStarter.Components.csproj", "{4F0DAB4D-8407-4A86-BD55-1ECCA9515DB4}"
EndProject
Project("{FAE04EC0-301F-11D3-BF4B-00C04F79EFBC}") = "BlazorEnterpriseStarter.DesignSystem", "src\BlazorEnterpriseStarter.DesignSystem\BlazorEnterpriseStarter.DesignSystem.csproj", "{83628604-0FDE-41CA-8018-12191BE3C553}"
EndProject
Project("{2150E333-8FDC-42A3-9474-1A3956D46DE8}") = "tests", "tests", "{0AB3BF05-4346-4AA6-1389-037BE0695223}"
EndProject
Project("{FAE04EC0-301F-11D3-BF4B-00C04F79EFBC}") = "BlazorEnterpriseStarter.Tests", "tests\BlazorEnterpriseStarter.Tests\BlazorEnterpriseStarter.Tests.csproj", "{112E9CB6-E670-404A-857E-AD1C50E32DB5}"
EndProject
Global
	GlobalSection(SolutionConfigurationPlatforms) = preSolution
		Debug|Any CPU = Debug|Any CPU
		Debug|x64 = Debug|x64
		Debug|x86 = Debug|x86
		Release|Any CPU = Release|Any CPU
		Release|x64 = Release|x64
		Release|x86 = Release|x86
	EndGlobalSection
	GlobalSection(ProjectConfigurationPlatforms) = postSolution
		{3A2E9C43-1A53-451B-91AF-1569E9485961}.Debug|Any CPU.ActiveCfg = Debug|Any CPU
		{3A2E9C43-1A53-451B-91AF-1569E9485961}.Debug|Any CPU.Build.0 = Debug|Any CPU
		{3A2E9C43-1A53-451B-91AF-1569E9485961}.Debug|x64.ActiveCfg = Debug|Any CPU
		{3A2E9C43-1A53-451B-91AF-1569E9485961}.Debug|x64.Build.0 = Debug|Any CPU
		{3A2E9C43-1A53-451B-91AF-1569E9485961}.Debug|x86.ActiveCfg = Debug|Any CPU
		{3A2E9C43-1A53-451B-91AF-1569E9485961}.Debug|x86.Build.0 = Debug|Any CPU
		{3A2E9C43-1A53-451B-91AF-1569E9485961}.Release|Any CPU.ActiveCfg = Release|Any CPU
		{3A2E9C43-1A53-451B-91AF-1569E9485961}.Release|Any CPU.Build.0 = Release|Any CPU
		{3A2E9C43-1A53-451B-91AF-1569E9485961}.Release|x64.ActiveCfg = Release|Any CPU
		{3A2E9C43-1A53-451B-91AF-1569E9485961}.Release|x64.Build.0 = Release|Any CPU
		{3A2E9C43-1A53-451B-91AF-1569E9485961}.Release|x86.ActiveCfg = Release|Any CPU
		{3A2E9C43-1A53-451B-91AF-1569E9485961}.Release|x86.Build.0 = Release|Any CPU
		{8254EE60-AEB5-44A1-89C4-EC06F52E47CA}.Debug|Any CPU.ActiveCfg = Debug|Any CPU
		{8254EE60-AEB5-44A1-89C4-EC06F52E47CA}.Debug|Any CPU.Build.0 = Debug|Any CPU
		{8254EE60-AEB5-44A1-89C4-EC06F52E47CA}.Debug|x64.ActiveCfg = Debug|Any CPU
		{8254EE60-AEB5-44A1-89C4-EC06F52E47CA}.Debug|x64.Build.0 = Debug|Any CPU
		{8254EE60-AEB5-44A1-89C4-EC06F52E47CA}.Debug|x86.ActiveCfg = Debug|Any CPU
		{8254EE60-AEB5-44A1-89C4-EC06F52E47CA}.Debug|x86.Build.0 = Debug|Any CPU
		{8254EE60-AEB5-44A1-89C4-EC06F52E47CA}.Release|Any CPU.ActiveCfg = Release|Any CPU
		{8254EE60-AEB5-44A1-89C4-EC06F52E47CA}.Release|Any CPU.Build.0 = Release|Any CPU
		{8254EE60-AEB5-44A1-89C4-EC06F52E47CA}.Release|x64.ActiveCfg = Release|Any CPU
		{8254EE60-AEB5-44A1-89C4-EC06F52E47CA}.Release|x64.Build.0 = Release|Any CPU
		{8254EE60-AEB5-44A1-89C4-EC06F52E47CA}.Release|x86.ActiveCfg = Release|Any CPU
		{8254EE60-AEB5-44A1-89C4-EC06F52E47CA}.Release|x86.Build.0 = Release|Any CPU
		{CD958CFE-B386-4D01-9314-4B15E4A11AE7}.Debug|Any CPU.ActiveCfg = Debug|Any CPU
		{CD958CFE-B386-4D01-9314-4B15E4A11AE7}.Debug|Any CPU.Build.0 = Debug|Any CPU
		{CD958CFE-B386-4D01-9314-4B15E4A11AE7}.Debug|x64.ActiveCfg = Debug|Any CPU
		{CD958CFE-B386-4D01-9314-4B15E4A11AE7}.Debug|x64.Build.0 = Debug|Any CPU
		{CD958CFE-B386-4D01-9314-4B15E4A11AE7}.Debug|x86.ActiveCfg = Debug|Any CPU
		{CD958CFE-B386-4D01-9314-4B15E4A11AE7}.Debug|x86.Build.0 = Debug|Any CPU
		{CD958CFE-B386-4D01-9314-4B15E4A11AE7}.Release|Any CPU.ActiveCfg = Release|Any CPU
		{CD958CFE-B386-4D01-9314-4B15E4A11AE7}.Release|Any CPU.Build.0 = Release|Any CPU
		{CD958CFE-B386-4D01-9314-4B15E4A11AE7}.Release|x64.ActiveCfg = Release|Any CPU
		{CD958CFE-B386-4D01-9314-4B15E4A11AE7}.Release|x64.Build.0 = Release|Any CPU
		{CD958CFE-B386-4D01-9314-4B15E4A11AE7}.Release|x86.ActiveCfg = Release|Any CPU
		{CD958CFE-B386-4D01-9314-4B15E4A11AE7}.Release|x86.Build.0 = Release|Any CPU
		{B9F033A2-D561-4384-B2FB-453F12AE949E}.Debug|Any CPU.ActiveCfg = Debug|Any CPU
		{B9F033A2-D561-4384-B2FB-453F12AE949E}.Debug|Any CPU.Build.0 = Debug|Any CPU
		{B9F033A2-D561-4384-B2FB-453F12AE949E}.Debug|x64.ActiveCfg = Debug|Any CPU
		{B9F033A2-D561-4384-B2FB-453F12AE949E}.Debug|x64.Build.0 = Debug|Any CPU
		{B9F033A2-D561-4384-B2FB-453F12AE949E}.Debug|x86.ActiveCfg = Debug|Any CPU
		{B9F033A2-D561-4384-B2FB-453F12AE949E}.Debug|x86.Build.0 = Debug|Any CPU
		{B9F033A2-D561-4384-B2FB-453F12AE949E}.Release|Any CPU.ActiveCfg = Release|Any CPU
		{B9F033A2-D561-4384-B2FB-453F12AE949E}.Release|Any CPU.Build.0 = Release|Any CPU
		{B9F033A2-D561-4384-B2FB-453F12AE949E}.Release|x64.ActiveCfg = Release|Any CPU
		{B9F033A2-D561-4384-B2FB-453F12AE949E}.Release|x64.Build.0 = Release|Any CPU
		{B9F033A2-D561-4384-B2FB-453F12AE949E}.Release|x86.ActiveCfg = Release|Any CPU
		{B9F033A2-D561-4384-B2FB-453F12AE949E}.Release|x86.Build.0 = Release|Any CPU
		{C1DA6367-8931-4D69-88E4-3D09F7609D8D}.Debug|Any CPU.ActiveCfg = Debug|Any CPU
		{C1DA6367-8931-4D69-88E4-3D09F7609D8D}.Debug|Any CPU.Build.0 = Debug|Any CPU
		{C1DA6367-8931-4D69-88E4-3D09F7609D8D}.Debug|x64.ActiveCfg = Debug|Any CPU
		{C1DA6367-8931-4D69-88E4-3D09F7609D8D}.Debug|x64.Build.0 = Debug|Any CPU
		{C1DA6367-8931-4D69-88E4-3D09F7609D8D}.Debug|x86.ActiveCfg = Debug|Any CPU
		{C1DA6367-8931-4D69-88E4-3D09F7609D8D}.Debug|x86.Build.0 = Debug|Any CPU
		{C1DA6367-8931-4D69-88E4-3D09F7609D8D}.Release|Any CPU.ActiveCfg = Release|Any CPU
		{C1DA6367-8931-4D69-88E4-3D09F7609D8D}.Release|Any CPU.Build.0 = Release|Any CPU
		{C1DA6367-8931-4D69-88E4-3D09F7609D8D}.Release|x64.ActiveCfg = Release|Any CPU
		{C1DA6367-8931-4D69-88E4-3D09F7609D8D}.Release|x64.Build.0 = Release|Any CPU
		{C1DA6367-8931-4D69-88E4-3D09F7609D8D}.Release|x86.ActiveCfg = Release|Any CPU
		{C1DA6367-8931-4D69-88E4-3D09F7609D8D}.Release|x86.Build.0 = Release|Any CPU
		{4F0DAB4D-8407-4A86-BD55-1ECCA9515DB4}.Debug|Any CPU.ActiveCfg = Debug|Any CPU
		{4F0DAB4D-8407-4A86-BD55-1ECCA9515DB4}.Debug|Any CPU.Build.0 = Debug|Any CPU
		{4F0DAB4D-8407-4A86-BD55-1ECCA9515DB4}.Debug|x64.ActiveCfg = Debug|Any CPU
		{4F0DAB4D-8407-4A86-BD55-1ECCA9515DB4}.Debug|x64.Build.0 = Debug|Any CPU
		{4F0DAB4D-8407-4A86-BD55-1ECCA9515DB4}.Debug|x86.ActiveCfg = Debug|Any CPU
		{4F0DAB4D-8407-4A86-BD55-1ECCA9515DB4}.Debug|x86.Build.0 = Debug|Any CPU
		{4F0DAB4D-8407-4A86-BD55-1ECCA9515DB4}.Release|Any CPU.ActiveCfg = Release|Any CPU
		{4F0DAB4D-8407-4A86-BD55-1ECCA9515DB4}.Release|Any CPU.Build.0 = Release|Any CPU
		{4F0DAB4D-8407-4A86-BD55-1ECCA9515DB4}.Release|x64.ActiveCfg = Release|Any CPU
		{4F0DAB4D-8407-4A86-BD55-1ECCA9515DB4}.Release|x64.Build.0 = Release|Any CPU
		{4F0DAB4D-8407-4A86-BD55-1ECCA9515DB4}.Release|x86.ActiveCfg = Release|Any CPU
		{4F0DAB4D-8407-4A86-BD55-1ECCA9515DB4}.Release|x86.Build.0 = Release|Any CPU
		{83628604-0FDE-41CA-8018-12191BE3C553}.Debug|Any CPU.ActiveCfg = Debug|Any CPU
		{83628604-0FDE-41CA-8018-12191BE3C553}.Debug|Any CPU.Build.0 = Debug|Any CPU
		{83628604-0FDE-41CA-8018-12191BE3C553}.Debug|x64.ActiveCfg = Debug|Any CPU
		{83628604-0FDE-41CA-8018-12191BE3C553}.Debug|x64.Build.0 = Debug|Any CPU
		{83628604-0FDE-41CA-8018-12191BE3C553}.Debug|x86.ActiveCfg = Debug|Any CPU
		{83628604-0FDE-41CA-8018-12191BE3C553}.Debug|x86.Build.0 = Debug|Any CPU
		{83628604-0FDE-41CA-8018-12191BE3C553}.Release|Any CPU.ActiveCfg = Release|Any CPU
		{83628604-0FDE-41CA-8018-12191BE3C553}.Release|Any CPU.Build.0 = Release|Any CPU
		{83628604-0FDE-41CA-8018-12191BE3C553}.Release|x64.ActiveCfg = Release|Any CPU
		{83628604-0FDE-41CA-8018-12191BE3C553}.Release|x64.Build.0 = Release|Any CPU
		{83628604-0FDE-41CA-8018-12191BE3C553}.Release|x86.ActiveCfg = Release|Any CPU
		{83628604-0FDE-41CA-8018-12191BE3C553}.Release|x86.Build.0 = Release|Any CPU
		{112E9CB6-E670-404A-857E-AD1C50E32DB5}.Debug|Any CPU.ActiveCfg = Debug|Any CPU
		{112E9CB6-E670-404A-857E-AD1C50E32DB5}.Debug|Any CPU.Build.0 = Debug|Any CPU
		{112E9CB6-E670-404A-857E-AD1C50E32DB5}.Debug|x64.ActiveCfg = Debug|Any CPU
		{112E9CB6-E670-404A-857E-AD1C50E32DB5}.Debug|x64.Build.0 = Debug|Any CPU
		{112E9CB6-E670-404A-857E-AD1C50E32DB5}.Debug|x86.ActiveCfg = Debug|Any CPU
		{112E9CB6-E670-404A-857E-AD1C50E32DB5}.Debug|x86.Build.0 = Debug|Any CPU
		{112E9CB6-E670-404A-857E-AD1C50E32DB5}.Release|Any CPU.ActiveCfg = Release|Any CPU
		{112E9CB6-E670-404A-857E-AD1C50E32DB5}.Release|Any CPU.Build.0 = Release|Any CPU
		{112E9CB6-E670-404A-857E-AD1C50E32DB5}.Release|x64.ActiveCfg = Release|Any CPU
		{112E9CB6-E670-404A-857E-AD1C50E32DB5}.Release|x64.Build.0 = Release|Any CPU
		{112E9CB6-E670-404A-857E-AD1C50E32DB5}.Release|x86.ActiveCfg = Release|Any CPU
		{112E9CB6-E670-404A-857E-AD1C50E32DB5}.Release|x86.Build.0 = Release|Any CPU
	EndGlobalSection
	GlobalSection(SolutionProperties) = preSolution
		HideSolutionNode = FALSE
	EndGlobalSection
	GlobalSection(NestedProjects) = preSolution
		{3A2E9C43-1A53-451B-91AF-1569E9485961} = {827E0CD3-B72D-47B6-A68D-7590B98EB39B}
		{8254EE60-AEB5-44A1-89C4-EC06F52E47CA} = {827E0CD3-B72D-47B6-A68D-7590B98EB39B}
		{CD958CFE-B386-4D01-9314-4B15E4A11AE7} = {827E0CD3-B72D-47B6-A68D-7590B98EB39B}
		{B9F033A2-D561-4384-B2FB-453F12AE949E} = {827E0CD3-B72D-47B6-A68D-7590B98EB39B}
		{C1DA6367-8931-4D69-88E4-3D09F7609D8D} = {827E0CD3-B72D-47B6-A68D-7590B98EB39B}
		{4F0DAB4D-8407-4A86-BD55-1ECCA9515DB4} = {827E0CD3-B72D-47B6-A68D-7590B98EB39B}
		{83628604-0FDE-41CA-8018-12191BE3C553} = {827E0CD3-B72D-47B6-A68D-7590B98EB39B}
		{112E9CB6-E670-404A-857E-AD1C50E32DB5} = {0AB3BF05-4346-4AA6-1389-037BE0695223}
	EndGlobalSection
EndGlobal
